
Microsoft Visual Studio Solution File, Format Version 12.00
# Visual Studio Version 17
VisualStudioVersion = 17.0.31808.319
MinimumVisualStudioVersion = 10.0.40219.1
Project("{FAE04EC0-301F-11D3-BF4B-00C04F79EFBC}") = "SimpleCSharpConsoleApp", "SimpleCSharpConsoleApp.csproj", "{1CFEE7C4-7F11-4866-BE30-9F306F47A354}"
EndProject
Global
	GlobalSection(SolutionConfigurationPlatforms) = preSolution
		Debug|Any CPU = Debug|Any CPU
		Release|Any CPU = Release|Any CPU
	EndGlobalSection
	GlobalSection(ProjectConfigurationPlatforms) = postSolution
		{1CFEE7C4-7F11-4866-BE30-9F306F47A354}.Debug|Any CPU.ActiveCfg = Debug|Any CPU
		{1CFEE7C4-7F11-4866-BE30-9F306F47A354}.Debug|Any CPU.Build.0 = Debug|Any CPU
		{1CFEE7C4-7F11-4866-BE30-9F306F47A354}.Release|Any CPU.ActiveCfg = Release|Any CPU
		{1CFEE7C4-7F11-4866-BE30-9F306F47A354}.Release|Any CPU.Build.0 = Release|Any CPU
	EndGlobalSection
	GlobalSection(SolutionProperties) = preSolution
		HideSolutionNode = FALSE
	EndGlobalSection
	GlobalSection(ExtensibilityGlobals) = postSolution
		SolutionGuid = {238B6078-01E6-415E-8E48-6B849B572F4B}
	EndGlobalSection
EndGlobal
